// !$*UTF8*$!
{
	archiveVersion = 1;
	classes = {
	};
	objectVersion = 50;
	objects = {

/* Begin PBXBuildFile section */
		2D4AC65425351AAD00F1EEE9 /* AppDelegate.swift in Sources */ = {isa = PBXBuildFile; fileRef = 2D4AC65325351AAD00F1EEE9 /* AppDelegate.swift */; };
		2D4AC65625351AAD00F1EEE9 /* SceneDelegate.swift in Sources */ = {isa = PBXBuildFile; fileRef = 2D4AC65525351AAD00F1EEE9 /* SceneDelegate.swift */; };
		2D4AC65825351AAD00F1EEE9 /* ViewController.swift in Sources */ = {isa = PBXBuildFile; fileRef = 2D4AC65725351AAD00F1EEE9 /* ViewController.swift */; };
		2D4AC65B25351AAD00F1EEE9 /* Main.storyboard in Resources */ = {isa = PBXBuildFile; fileRef = 2D4AC65925351AAD00F1EEE9 /* Main.storyboard */; };
		2D4AC65D25351AAF00F1EEE9 /* Assets.xcassets in Resources */ = {isa = PBXBuildFile; fileRef = 2D4AC65C25351AAF00F1EEE9 /* Assets.xcassets */; };
		2D4AC66025351AAF00F1EEE9 /* LaunchScreen.storyboard in Resources */ = {isa = PBXBuildFile; fileRef = 2D4AC65E25351AAF00F1EEE9 /* LaunchScreen.storyboard */; };
		2D4AC66B25351AAF00F1EEE9 /* someMusicAppTests.swift in Sources */ = {isa = PBXBuildFile; fileRef = 2D4AC66A25351AAF00F1EEE9 /* someMusicAppTests.swift */; };
		2D4AC67625351AAF00F1EEE9 /* someMusicAppUITests.swift in Sources */ = {isa = PBXBuildFile; fileRef = 2D4AC67525351AAF00F1EEE9 /* someMusicAppUITests.swift */; };
		2D4AC68F25351DC300F1EEE9 /* ViewController2.swift in Sources */ = {isa = PBXBuildFile; fileRef = 2D4AC68E25351DC300F1EEE9 /* ViewController2.swift */; };
/* End PBXBuildFile section */

/* Begin PBXContainerItemProxy section */
		2D4AC66725351AAF00F1EEE9 /* PBXContainerItemProxy */ = {
			isa = PBXContainerItemProxy;
			containerPortal = 2D4AC64825351AAD00F1EEE9 /* Project object */;
			proxyType = 1;
			remoteGlobalIDString = 2D4AC64F25351AAD00F1EEE9;
			remoteInfo = someMusicApp;
		};
		2D4AC67225351AAF00F1EEE9 /* PBXContainerItemProxy */ = {
			isa = PBXContainerItemProxy;
			containerPortal = 2D4AC64825351AAD00F1EEE9 /* Project object */;
			proxyType = 1;
			remoteGlobalIDString = 2D4AC64F25351AAD00F1EEE9;
			remoteInfo = someMusicApp;
		};
/* End PBXContainerItemProxy section */

/* Begin PBXFileReference section */
		2D4AC65025351AAD00F1EEE9 /* someMusicApp.app */ = {isa = PBXFileReference; explicitFileType = wrapper.application; includeInIndex = 0; path = someMusicApp.app; sourceTree = BUILT_PRODUCTS_DIR; };
		2D4AC65325351AAD00F1EEE9 /* AppDelegate.swift */ = {isa = PBXFileReference; lastKnownFileType = sourcecode.swift; path = AppDelegate.swift; sourceTree = "<group>"; };
		2D4AC65525351AAD00F1EEE9 /* SceneDelegate.swift */ = {isa = PBXFileReference; lastKnownFileType = sourcecode.swift; path = SceneDelegate.swift; sourceTree = "<group>"; };
		2D4AC65725351AAD00F1EEE9 /* ViewController.swift */ = {isa = PBXFileReference; lastKnownFileType = sourcecode.swift; path = ViewController.swift; sourceTree = "<group>"; };
		2D4AC65A25351AAD00F1EEE9 /* Base */ = {isa = PBXFileReference; lastKnownFileType = file.storyboard; name = Base; path = Base.lproj/Main.storyboard; sourceTree = "<group>"; };
		2D4AC65C25351AAF00F1EEE9 /* Assets.xcassets */ = {isa = PBXFileReference; lastKnownFileType = folder.assetcatalog; path = Assets.xcassets; sourceTree = "<group>"; };
		2D4AC65F25351AAF00F1EEE9 /* Base */ = {isa = PBXFileReference; lastKnownFileType = file.storyboard; name = Base; path = Base.lproj/LaunchScreen.storyboard; sourceTree = "<group>"; };
		2D4AC66125351AAF00F1EEE9 /* Info.plist */ = {isa = PBXFileReference; lastKnownFileType = text.plist.xml; path = Info.plist; sourceTree = "<group>"; };
		2D4AC66625351AAF00F1EEE9 /* someMusicAppTests.xctest */ = {isa = PBXFileReference; explicitFileType = wrapper.cfbundle; includeInIndex = 0; path = someMusicAppTests.xctest; sourceTree = BUILT_PRODUCTS_DIR; };
		2D4AC66A25351AAF00F1EEE9 /* someMusicAppTests.swift */ = {isa = PBXFileReference; lastKnownFileType = sourcecode.swift; path = someMusicAppTests.swift; sourceTree = "<group>"; };
		2D4AC66C25351AAF00F1EEE9 /* Info.plist */ = {isa = PBXFileReference; lastKnownFileType = text.plist.xml; path = Info.plist; sourceTree = "<group>"; };
		2D4AC67125351AAF00F1EEE9 /* someMusicAppUITests.xctest */ = {isa = PBXFileReference; explicitFileType = wrapper.cfbundle; includeInIndex = 0; path = someMusicAppUITests.xctest; sourceTree = BUILT_PRODUCTS_DIR; };
		2D4AC67525351AAF00F1EEE9 /* someMusicAppUITests.swift */ = {isa = PBXFileReference; lastKnownFileType = sourcecode.swift; path = someMusicAppUITests.swift; sourceTree = "<group>"; };
		2D4AC67725351AAF00F1EEE9 /* Info.plist */ = {isa = PBXFileReference; lastKnownFileType = text.plist.xml; path = Info.plist; sourceTree = "<group>"; };
		2D4AC68E25351DC300F1EEE9 /* ViewController2.swift */ = {isa = PBXFileReference; lastKnownFileType = sourcecode.swift; path = ViewController2.swift; sourceTree = "<group>"; };
/* End PBXFileReference section */

/* Begin PBXFrameworksBuildPhase section */
		2D4AC64D25351AAD00F1EEE9 /* Frameworks */ = {
			isa = PBXFrameworksBuildPhase;
			buildActionMask = 2147483647;
			files = (
			);
			runOnlyForDeploymentPostprocessing = 0;
		};
		2D4AC66325351AAF00F1EEE9 /* Frameworks */ = {
			isa = PBXFrameworksBuildPhase;
			buildActionMask = 2147483647;
			files = (
			);
			runOnlyForDeploymentPostprocessing = 0;
		};
		2D4AC66E25351AAF00F1EEE9 /* Frameworks */ = {
			isa = PBXFrameworksBuildPhase;
			buildActionMask = 2147483647;
			files = (
			);
			runOnlyForDeploymentPostprocessing = 0;
		};
/* End PBXFrameworksBuildPhase section */

/* Begin PBXGroup section */
		2D4AC64725351AAD00F1EEE9 = {
			isa = PBXGroup;
			children = (
				2D4AC65225351AAD00F1EEE9 /* someMusicApp */,
				2D4AC66925351AAF00F1EEE9 /* someMusicAppTests */,
				2D4AC67425351AAF00F1EEE9 /* someMusicAppUITests */,
				2D4AC65125351AAD00F1EEE9 /* Products */,
			);
			sourceTree = "<group>";
		};
		2D4AC65125351AAD00F1EEE9 /* Products */ = {
			isa = PBXGroup;
			children = (
				2D4AC65025351AAD00F1EEE9 /* someMusicApp.app */,
				2D4AC66625351AAF00F1EEE9 /* someMusicAppTests.xctest */,
				2D4AC67125351AAF00F1EEE9 /* someMusicAppUITests.xctest */,
			);
			name = Products;
			sourceTree = "<group>";
		};
		2D4AC65225351AAD00F1EEE9 /* someMusicApp */ = {
			isa = PBXGroup;
			children = (
				2D4AC65325351AAD00F1EEE9 /* AppDelegate.swift */,
				2D4AC65525351AAD00F1EEE9 /* SceneDelegate.swift */,
				2D4AC65725351AAD00F1EEE9 /* ViewController.swift */,
				2D4AC65925351AAD00F1EEE9 /* Main.storyboard */,
				2D4AC68E25351DC300F1EEE9 /* ViewController2.swift */,
				2D4AC65C25351AAF00F1EEE9 /* Assets.xcassets */,
				2D4AC65E25351AAF00F1EEE9 /* LaunchScreen.storyboard */,
				2D4AC66125351AAF00F1EEE9 /* Info.plist */,
			);
			path = someMusicApp;
			sourceTree = "<group>";
		};
		2D4AC66925351AAF00F1EEE9 /* someMusicAppTests */ = {
			isa = PBXGroup;
			children = (
				2D4AC66A25351AAF00F1EEE9 /* someMusicAppTests.swift */,
				2D4AC66C25351AAF00F1EEE9 /* Info.plist */,
			);
			path = someMusicAppTests;
			sourceTree = "<group>";
		};
		2D4AC67425351AAF00F1EEE9 /* someMusicAppUITests */ = {
			isa = PBXGroup;
			children = (
				2D4AC67525351AAF00F1EEE9 /* someMusicAppUITests.swift */,
				2D4AC67725351AAF00F1EEE9 /* Info.plist */,
			);
			path = someMusicAppUITests;
			sourceTree = "<group>";
		};
/* End PBXGroup section */

/* Begin PBXNativeTarget section */
		2D4AC64F25351AAD00F1EEE9 /* someMusicApp */ = {
			isa = PBXNativeTarget;
			buildConfigurationList = 2D4AC67A25351AAF00F1EEE9 /* Build configuration list for PBXNativeTarget "someMusicApp" */;
			buildPhases = (
				2D4AC64C25351AAD00F1EEE9 /* Sources */,
				2D4AC64D25351AAD00F1EEE9 /* Frameworks */,
				2D4AC64E25351AAD00F1EEE9 /* Resources */,
			);
			buildRules = (
			);
			dependencies = (
			);
			name = someMusicApp;
			productName = someMusicApp;
			productReference = 2D4AC65025351AAD00F1EEE9 /* someMusicApp.app */;
			productType = "com.apple.product-type.application";
		};
		2D4AC66525351AAF00F1EEE9 /* someMusicAppTests */ = {
			isa = PBXNativeTarget;
			buildConfigurationList = 2D4AC67D25351AAF00F1EEE9 /* Build configuration list for PBXNativeTarget "someMusicAppTests" */;
			buildPhases = (
				2D4AC66225351AAF00F1EEE9 /* Sources */,
				2D4AC66325351AAF00F1EEE9 /* Frameworks */,
				2D4AC66425351AAF00F1EEE9 /* Resources */,
			);
			buildRules = (
			);
			dependencies = (
				2D4AC66825351AAF00F1EEE9 /* PBXTargetDependency */,
			);
			name = someMusicAppTests;
			productName = someMusicAppTests;
			productReference = 2D4AC66625351AAF00F1EEE9 /* someMusicAppTests.xctest */;
			productType = "com.apple.product-type.bundle.unit-test";
		};
		2D4AC67025351AAF00F1EEE9 /* someMusicAppUITests */ = {
			isa = PBXNativeTarget;
			buildConfigurationList = 2D4AC68025351AAF00F1EEE9 /* Build configuration list for PBXNativeTarget "someMusicAppUITests" */;
			buildPhases = (
				2D4AC66D25351AAF00F1EEE9 /* Sources */,
				2D4AC66E25351AAF00F1EEE9 /* Frameworks */,
				2D4AC66F25351AAF00F1EEE9 /* Resources */,
			);
			buildRules = (
			);
			dependencies = (
				2D4AC67325351AAF00F1EEE9 /* PBXTargetDependency */,
			);
			name = someMusicAppUITests;
			productName = someMusicAppUITests;
			productReference = 2D4AC67125351AAF00F1EEE9 /* someMusicAppUITests.xctest */;
			productType = "com.apple.product-type.bundle.ui-testing";
		};
/* End PBXNativeTarget section */

/* Begin PBXProject section */
		2D4AC64825351AAD00F1EEE9 /* Project object */ = {
			isa = PBXProject;
			attributes = {
				LastSwiftUpdateCheck = 1200;
				LastUpgradeCheck = 1200;
				TargetAttributes = {
					2D4AC64F25351AAD00F1EEE9 = {
						CreatedOnToolsVersion = 12.0.1;
					};
					2D4AC66525351AAF00F1EEE9 = {
						CreatedOnToolsVersion = 12.0.1;
						TestTargetID = 2D4AC64F25351AAD00F1EEE9;
					};
					2D4AC67025351AAF00F1EEE9 = {
						CreatedOnToolsVersion = 12.0.1;
						TestTargetID = 2D4AC64F25351AAD00F1EEE9;
					};
				};
			};
			buildConfigurationList = 2D4AC64B25351AAD00F1EEE9 /* Build configuration list for PBXProject "someMusicApp" */;
			compatibilityVersion = "Xcode 9.3";
			developmentRegion = en;
			hasScannedForEncodings = 0;
			knownRegions = (
				en,
				Base,
			);
			mainGroup = 2D4AC64725351AAD00F1EEE9;
			productRefGroup = 2D4AC65125351AAD00F1EEE9 /* Products */;
			projectDirPath = "";
			projectRoot = "";
			targets = (
				2D4AC64F25351AAD00F1EEE9 /* someMusicApp */,
				2D4AC66525351AAF00F1EEE9 /* someMusicAppTests */,
				2D4AC67025351AAF00F1EEE9 /* someMusicAppUITests */,
			);
		};
/* End PBXProject section */

/* Begin PBXResourcesBuildPhase section */
		2D4AC64E25351AAD00F1EEE9 /* Resources */ = {
			isa = PBXResourcesBuildPhase;
			buildActionMask = 2147483647;
			files = (
				2D4AC66025351AAF00F1EEE9 /* LaunchScreen.storyboard in Resources */,
				2D4AC65D25351AAF00F1EEE9 /* Assets.xcassets in Resources */,
				2D4AC65B25351AAD00F1EEE9 /* Main.storyboard in Resources */,
			);
			runOnlyForDeploymentPostprocessing = 0;
		};
		2D4AC66425351AAF00F1EEE9 /* Resources */ = {
			isa = PBXResourcesBuildPhase;
			buildActionMask = 2147483647;
			files = (
			);
			runOnlyForDeploymentPostprocessing = 0;
		};
		2D4AC66F25351AAF00F1EEE9 /* Resources */ = {
			isa = PBXResourcesBuildPhase;
			buildActionMask = 2147483647;
			files = (
			);
			runOnlyForDeploymentPostprocessing = 0;
		};
/* End PBXResourcesBuildPhase section */

/* Begin PBXSourcesBuildPhase section */
		2D4AC64C25351AAD00F1EEE9 /* Sources */ = {
			isa = PBXSourcesBuildPhase;
			buildActionMask = 2147483647;
			files = (
				2D4AC65825351AAD00F1EEE9 /* ViewController.swift in Sources */,
				2D4AC68F25351DC300F1EEE9 /* ViewController2.swift in Sources */,
				2D4AC65425351AAD00F1EEE9 /* AppDelegate.swift in Sources */,
				2D4AC65625351AAD00F1EEE9 /* SceneDelegate.swift in Sources */,
			);
			runOnlyForDeploymentPostprocessing = 0;
		};
		2D4AC66225351AAF00F1EEE9 /* Sources */ = {
			isa = PBXSourcesBuildPhase;
			buildActionMask = 2147483647;
			files = (
				2D4AC66B25351AAF00F1EEE9 /* someMusicAppTests.swift in Sources */,
			);
			runOnlyForDeploymentPostprocessing = 0;
		};
		2D4AC66D25351AAF00F1EEE9 /* Sources */ = {
			isa = PBXSourcesBuildPhase;
			buildActionMask = 2147483647;
			files = (
				2D4AC67625351AAF00F1EEE9 /* someMusicAppUITests.swift in Sources */,
			);
			runOnlyForDeploymentPostprocessing = 0;
		};
/* End PBXSourcesBuildPhase section */

/* Begin PBXTargetDependency section */
		2D4AC66825351AAF00F1EEE9 /* PBXTargetDependency */ = {
			isa = PBXTargetDependency;
			target = 2D4AC64F25351AAD00F1EEE9 /* someMusicApp */;
			targetProxy = 2D4AC66725351AAF00F1EEE9 /* PBXContainerItemProxy */;
		};
		2D4AC67325351AAF00F1EEE9 /* PBXTargetDependency */ = {
			isa = PBXTargetDependency;
			target = 2D4AC64F25351AAD00F1EEE9 /* someMusicApp */;
			targetProxy = 2D4AC67225351AAF00F1EEE9 /* PBXContainerItemProxy */;
		};
/* End PBXTargetDependency section */

/* Begin PBXVariantGroup section */
		2D4AC65925351AAD00F1EEE9 /* Main.storyboard */ = {
			isa = PBXVariantGroup;
			children = (
				2D4AC65A25351AAD00F1EEE9 /* Base */,
			);
			name = Main.storyboard;
			sourceTree = "<group>";
		};
		2D4AC65E25351AAF00F1EEE9 /* LaunchScreen.storyboard */ = {
			isa = PBXVariantGroup;
			children = (
				2D4AC65F25351AAF00F1EEE9 /* Base */,
			);
			name = LaunchScreen.storyboard;
			sourceTree = "<group>";
		};
/* End PBXVariantGroup section */

/* Begin XCBuildConfiguration section */
		2D4AC67825351AAF00F1EEE9 /* Debug */ = {
			isa = XCBuildConfiguration;
			buildSettings = {
				ALWAYS_SEARCH_USER_PATHS = NO;
				CLANG_ANALYZER_NONNULL = YES;
				CLANG_ANALYZER_NUMBER_OBJECT_CONVERSION = YES_AGGRESSIVE;
				CLANG_CXX_LANGUAGE_STANDARD = "gnu++14";
				CLANG_CXX_LIBRARY = "libc++";
				CLANG_ENABLE_MODULES = YES;
				CLANG_ENABLE_OBJC_ARC = YES;
				CLANG_ENABLE_OBJC_WEAK = YES;
				CLANG_WARN_BLOCK_CAPTURE_AUTORELEASING = YES;
				CLANG_WARN_BOOL_CONVERSION = YES;
				CLANG_WARN_COMMA = YES;
				CLANG_WARN_CONSTANT_CONVERSION = YES;
				CLANG_WARN_DEPRECATED_OBJC_IMPLEMENTATIONS = YES;
				CLANG_WARN_DIRECT_OBJC_ISA_USAGE = YES_ERROR;
				CLANG_WARN_DOCUMENTATION_COMMENTS = YES;
				CLANG_WARN_EMPTY_BODY = YES;
				CLANG_WARN_ENUM_CONVERSION = YES;
				CLANG_WARN_INFINITE_RECURSION = YES;
				CLANG_WARN_INT_CONVERSION = YES;
				CLANG_WARN_NON_LITERAL_NULL_CONVERSION = YES;
				CLANG_WARN_OBJC_IMPLICIT_RETAIN_SELF = YES;
				CLANG_WARN_OBJC_LITERAL_CONVERSION = YES;
				CLANG_WARN_OBJC_ROOT_CLASS = YES_ERROR;
				CLANG_WARN_QUOTED_INCLUDE_IN_FRAMEWORK_HEADER = YES;
				CLANG_WARN_RANGE_LOOP_ANALYSIS = YES;
				CLANG_WARN_STRICT_PROTOTYPES = YES;
				CLANG_WARN_SUSPICIOUS_MOVE = YES;
				CLANG_WARN_UNGUARDED_AVAILABILITY = YES_AGGRESSIVE;
				CLANG_WARN_UNREACHABLE_CODE = YES;
				CLANG_WARN__DUPLICATE_METHOD_MATCH = YES;
				COPY_PHASE_STRIP = NO;
				DEBUG_INFORMATION_FORMAT = dwarf;
				ENABLE_STRICT_OBJC_MSGSEND = YES;
				ENABLE_TESTABILITY = YES;
				GCC_C_LANGUAGE_STANDARD = gnu11;
				GCC_DYNAMIC_NO_PIC = NO;
				GCC_NO_COMMON_BLOCKS = YES;
				GCC_OPTIMIZATION_LEVEL = 0;
				GCC_PREPROCESSOR_DEFINITIONS = (
					"DEBUG=1",
					"$(inherited)",
				);
				GCC_WARN_64_TO_32_BIT_CONVERSION = YES;
				GCC_WARN_ABOUT_RETURN_TYPE = YES_ERROR;
				GCC_WARN_UNDECLARED_SELECTOR = YES;
				GCC_WARN_UNINITIALIZED_AUTOS = YES_AGGRESSIVE;
				GCC_WARN_UNUSED_FUNCTION = YES;
				GCC_WARN_UNUSED_VARIABLE = YES;
				IPHONEOS_DEPLOYMENT_TARGET = 14.0;
				MTL_ENABLE_DEBUG_INFO = INCLUDE_SOURCE;
				MTL_FAST_MATH = YES;
				ONLY_ACTIVE_ARCH = YES;
				SDKROOT = iphoneos;
				SWIFT_ACTIVE_COMPILATION_CONDITIONS = DEBUG;
				SWIFT_OPTIMIZATION_LEVEL = "-Onone";
			};
			name = Debug;
		};
		2D4AC67925351AAF00F1EEE9 /* Release */ = {
			isa = XCBuildConfiguration;
			buildSettings = {
				ALWAYS_SEARCH_USER_PATHS = NO;
				CLANG_ANALYZER_NONNULL = YES;
				CLANG_ANALYZER_NUMBER_OBJECT_CONVERSION = YES_AGGRESSIVE;
				CLANG_CXX_LANGUAGE_STANDARD = "gnu++14";
				CLANG_CXX_LIBRARY = "libc++";
				CLANG_ENABLE_MODULES = YES;
				CLANG_ENABLE_OBJC_ARC = YES;
				CLANG_ENABLE_OBJC_WEAK = YES;
				CLANG_WARN_BLOCK_CAPTURE_AUTORELEASING = YES;
				CLANG_WARN_BOOL_CONVERSION = YES;
				CLANG_WARN_COMMA = YES;
				CLANG_WARN_CONSTANT_CONVERSION = YES;
				CLANG_WARN_DEPRECATED_OBJC_IMPLEMENTATIONS = YES;
				CLANG_WARN_DIRECT_OBJC_ISA_USAGE = YES_ERROR;
				CLANG_WARN_DOCUMENTATION_COMMENTS = YES;
				CLANG_WARN_EMPTY_BODY = YES;
				CLANG_WARN_ENUM_CONVERSION = YES;
				CLANG_WARN_INFINITE_RECURSION = YES;
				CLANG_WARN_INT_CONVERSION = YES;
				CLANG_WARN_NON_LITERAL_NULL_CONVERSION = YES;
				CLANG_WARN_OBJC_IMPLICIT_RETAIN_SELF = YES;
				CLANG_WARN_OBJC_LITERAL_CONVERSION = YES;
				CLANG_WARN_OBJC_ROOT_CLASS = YES_ERROR;
				CLANG_WARN_QUOTED_INCLUDE_IN_FRAMEWORK_HEADER = YES;
				CLANG_WARN_RANGE_LOOP_ANALYSIS = YES;
				CLANG_WARN_STRICT_PROTOTYPES = YES;
				CLANG_WARN_SUSPICIOUS_MOVE = YES;
				CLANG_WARN_UNGUARDED_AVAILABILITY = YES_AGGRESSIVE;
				CLANG_WARN_UNREACHABLE_CODE = YES;
				CLANG_WARN__DUPLICATE_METHOD_MATCH = YES;
				COPY_PHASE_STRIP = NO;
				DEBUG_INFORMATION_FORMAT = "dwarf-with-dsym";
				ENABLE_NS_ASSERTIONS = NO;
				ENABLE_STRICT_OBJC_MSGSEND = YES;
				GCC_C_LANGUAGE_STANDARD = gnu11;
				GCC_NO_COMMON_BLOCKS = YES;
				GCC_WARN_64_TO_32_BIT_CONVERSION = YES;
				GCC_WARN_ABOUT_RETURN_TYPE = YES_ERROR;
				GCC_WARN_UNDECLARED_SELECTOR = YES;
				GCC_WARN_UNINITIALIZED_AUTOS = YES_AGGRESSIVE;
				GCC_WARN_UNUSED_FUNCTION = YES;
				GCC_WARN_UNUSED_VARIABLE = YES;
				IPHONEOS_DEPLOYMENT_TARGET = 14.0;
				MTL_ENABLE_DEBUG_INFO = NO;
				MTL_FAST_MATH = YES;
				SDKROOT = iphoneos;
				SWIFT_COMPILATION_MODE = wholemodule;
				SWIFT_OPTIMIZATION_LEVEL = "-O";
				VALIDATE_PRODUCT = YES;
			};
			name = Release;
		};
		2D4AC67B25351AAF00F1EEE9 /* Debug */ = {
			isa = XCBuildConfiguration;
			buildSettings = {
				ASSETCATALOG_COMPILER_APPICON_NAME = AppIcon;
				ASSETCATALOG_COMPILER_GLOBAL_ACCENT_COLOR_NAME = AccentColor;
				CODE_SIGN_STYLE = Automatic;
				DEVELOPMENT_TEAM = 4H2WN9PUS9;
				INFOPLIST_FILE = someMusicApp/Info.plist;
				LD_RUNPATH_SEARCH_PATHS = (
					"$(inherited)",
					"@executable_path/Frameworks",
				);
				PRODUCT_BUNDLE_IDENTIFIER = "Derek-Tang.someMusicApp";
				PRODUCT_NAME = "$(TARGET_NAME)";
				SWIFT_VERSION = 5.0;
				TARGETED_DEVICE_FAMILY = "1,2";
			};
			name = Debug;
		};
		2D4AC67C25351AAF00F1EEE9 /* Release */ = {
			isa = XCBuildConfiguration;
			buildSettings = {
				ASSETCATALOG_COMPILER_APPICON_NAME = AppIcon;
				ASSETCATALOG_COMPILER_GLOBAL_ACCENT_COLOR_NAME = AccentColor;
				CODE_SIGN_STYLE = Automatic;
				DEVELOPMENT_TEAM = 4H2WN9PUS9;
				INFOPLIST_FILE = someMusicApp/Info.plist;
				LD_RUNPATH_SEARCH_PATHS = (
					"$(inherited)",
					"@executable_path/Frameworks",
				);
				PRODUCT_BUNDLE_IDENTIFIER = "Derek-Tang.someMusicApp";
				PRODUCT_NAME = "$(TARGET_NAME)";
				SWIFT_VERSION = 5.0;
				TARGETED_DEVICE_FAMILY = "1,2";
			};
			name = Release;
		};
		2D4AC67E25351AAF00F1EEE9 /* Debug */ = {
			isa = XCBuildConfiguration;
			buildSettings = {
				ALWAYS_EMBED_SWIFT_STANDARD_LIBRARIES = YES;
				BUNDLE_LOADER = "$(TEST_HOST)";
				CODE_SIGN_STYLE = Automatic;
				DEVELOPMENT_TEAM = 4H2WN9PUS9;
				INFOPLIST_FILE = someMusicAppTests/Info.plist;
				IPHONEOS_DEPLOYMENT_TARGET = 14.0;
				LD_RUNPATH_SEARCH_PATHS = (
					"$(inherited)",
					"@executable_path/Frameworks",
					"@loader_path/Frameworks",
				);
				PRODUCT_BUNDLE_IDENTIFIER = "Derek-Tang.someMusicAppTests";
				PRODUCT_NAME = "$(TARGET_NAME)";
				SWIFT_VERSION = 5.0;
				TARGETED_DEVICE_FAMILY = "1,2";
				TEST_HOST = "$(BUILT_PRODUCTS_DIR)/someMusicApp.app/someMusicApp";
			};
			name = Debug;
		};
		2D4AC67F25351AAF00F1EEE9 /* Release */ = {
			isa = XCBuildConfiguration;
			buildSettings = {
				ALWAYS_EMBED_SWIFT_STANDARD_LIBRARIES = YES;
				BUNDLE_LOADER = "$(TEST_HOST)";
				CODE_SIGN_STYLE = Automatic;
				DEVELOPMENT_TEAM = 4H2WN9PUS9;
				INFOPLIST_FILE = someMusicAppTests/Info.plist;
				IPHONEOS_DEPLOYMENT_TARGET = 14.0;
				LD_RUNPATH_SEARCH_PATHS = (
					"$(inherited)",
					"@executable_path/Frameworks",
					"@loader_path/Frameworks",
				);
				PRODUCT_BUNDLE_IDENTIFIER = "Derek-Tang.someMusicAppTests";
				PRODUCT_NAME = "$(TARGET_NAME)";
				SWIFT_VERSION = 5.0;
				TARGETED_DEVICE_FAMILY = "1,2";
				TEST_HOST = "$(BUILT_PRODUCTS_DIR)/someMusicApp.app/someMusicApp";
			};
			name = Release;
		};
		2D4AC68125351AAF00F1EEE9 /* Debug */ = {
			isa = XCBuildConfiguration;
			buildSettings = {
				ALWAYS_EMBED_SWIFT_STANDARD_LIBRARIES = YES;
				CODE_SIGN_STYLE = Automatic;
				DEVELOPMENT_TEAM = 4H2WN9PUS9;
				INFOPLIST_FILE = someMusicAppUITests/Info.plist;
				LD_RUNPATH_SEARCH_PATHS = (
					"$(inherited)",
					"@executable_path/Frameworks",
					"@loader_path/Frameworks",
				);
				PRODUCT_BUNDLE_IDENTIFIER = "Derek-Tang.someMusicAppUITests";
				PRODUCT_NAME = "$(TARGET_NAME)";
				SWIFT_VERSION = 5.0;
				TARGETED_DEVICE_FAMILY = "1,2";
				TEST_TARGET_NAME = someMusicApp;
			};
			name = Debug;
		};
		2D4AC68225351AAF00F1EEE9 /* Release */ = {
			isa = XCBuildConfiguration;
			buildSettings = {
				ALWAYS_EMBED_SWIFT_STANDARD_LIBRARIES = YES;
				CODE_SIGN_STYLE = Automatic;
				DEVELOPMENT_TEAM = 4H2WN9PUS9;
				INFOPLIST_FILE = someMusicAppUITests/Info.plist;
				LD_RUNPATH_SEARCH_PATHS = (
					"$(inherited)",
					"@executable_path/Frameworks",
					"@loader_path/Frameworks",
				);
				PRODUCT_BUNDLE_IDENTIFIER = "Derek-Tang.someMusicAppUITests";
				PRODUCT_NAME = "$(TARGET_NAME)";
				SWIFT_VERSION = 5.0;
				TARGETED_DEVICE_FAMILY = "1,2";
				TEST_TARGET_NAME = someMusicApp;
			};
			name = Release;
		};
/* End XCBuildConfiguration section */

/* Begin XCConfigurationList section */
		2D4AC64B25351AAD00F1EEE9 /* Build configuration list for PBXProject "someMusicApp" */ = {
			isa = XCConfigurationList;
			buildConfigurations = (
				2D4AC67825351AAF00F1EEE9 /* Debug */,
				2D4AC67925351AAF00F1EEE9 /* Release */,
			);
			defaultConfigurationIsVisible = 0;
			defaultConfigurationName = Release;
		};
		2D4AC67A25351AAF00F1EEE9 /* Build configuration list for PBXNativeTarget "someMusicApp" */ = {
			isa = XCConfigurationList;
			buildConfigurations = (
				2D4AC67B25351AAF00F1EEE9 /* Debug */,
				2D4AC67C25351AAF00F1EEE9 /* Release */,
			);
			defaultConfigurationIsVisible = 0;
			defaultConfigurationName = Release;
		};
		2D4AC67D25351AAF00F1EEE9 /* Build configuration list for PBXNativeTarget "someMusicAppTests" */ = {
			isa = XCConfigurationList;
			buildConfigurations = (
				2D4AC67E25351AAF00F1EEE9 /* Debug */,
				2D4AC67F25351AAF00F1EEE9 /* Release */,
			);
			defaultConfigurationIsVisible = 0;
			defaultConfigurationName = Release;
		};
		2D4AC68025351AAF00F1EEE9 /* Build configuration list for PBXNativeTarget "someMusicAppUITests" */ = {
			isa = XCConfigurationList;
			buildConfigurations = (
				2D4AC68125351AAF00F1EEE9 /* Debug */,
				2D4AC68225351AAF00F1EEE9 /* Release */,
			);
			defaultConfigurationIsVisible = 0;
			defaultConfigurationName = Release;
		};
/* End XCConfigurationList section */
	};
	rootObject = 2D4AC64825351AAD00F1EEE9 /* Project object */;
}
